
Microsoft Visual Studio Solution File, Format Version 12.00
# Visual Studio Version 16
VisualStudioVersion = 16.0.29230.47
MinimumVisualStudioVersion = 10.0.40219.1
Project("{FAE04EC0-301F-11D3-BF4B-00C04F79EFBC}") = "TTF-Printer", "TTF-Printer.csproj", "{7789263F-C573-4182-8EC0-6E8C0CBBDF3B}"
EndProject
Global
	GlobalSection(SolutionConfigurationPlatforms) = preSolution
		Debug|Any CPU = Debug|Any CPU
		Release|Any CPU = Release|Any CPU
	EndGlobalSection
	GlobalSection(ProjectConfigurationPlatforms) = postSolution
		{7789263F-C573-4182-8EC0-6E8C0CBBDF3B}.Debug|Any CPU.ActiveCfg = Debug|Any CPU
		{7789263F-C573-4182-8EC0-6E8C0CBBDF3B}.Debug|Any CPU.Build.0 = Debug|Any CPU
		{7789263F-C573-4182-8EC0-6E8C0CBBDF3B}.Release|Any CPU.ActiveCfg = Release|Any CPU
		{7789263F-C573-4182-8EC0-6E8C0CBBDF3B}.Release|Any CPU.Build.0 = Release|Any CPU
	EndGlobalSection
	GlobalSection(SolutionProperties) = preSolution
		HideSolutionNode = FALSE
	EndGlobalSection
	GlobalSection(ExtensibilityGlobals) = postSolution
		SolutionGuid = {8F85A444-0FF1-42B4-8BCD-AE79A8AC00E1}
	EndGlobalSection
EndGlobal
