
Microsoft Visual Studio Solution File, Format Version 12.00
# Visual Studio Version 16
VisualStudioVersion = 16.0.29424.173
MinimumVisualStudioVersion = 10.0.40219.1
Project("{FAE04EC0-301F-11D3-BF4B-00C04F79EFBC}") = "TTF_Win", "TTF_Win.csproj", "{F1B9005D-0B5D-453B-829E-C2B3C4B0637D}"
EndProject
Global
	GlobalSection(SolutionConfigurationPlatforms) = preSolution
		Debug|x86 = Debug|x86
		Release|x86 = Release|x86
	EndGlobalSection
	GlobalSection(ProjectConfigurationPlatforms) = postSolution
		{F1B9005D-0B5D-453B-829E-C2B3C4B0637D}.Debug|x86.ActiveCfg = Debug|x86
		{F1B9005D-0B5D-453B-829E-C2B3C4B0637D}.Debug|x86.Build.0 = Debug|x86
		{F1B9005D-0B5D-453B-829E-C2B3C4B0637D}.Release|x86.ActiveCfg = Release|x86
		{F1B9005D-0B5D-453B-829E-C2B3C4B0637D}.Release|x86.Build.0 = Release|x86
	EndGlobalSection
	GlobalSection(SolutionProperties) = preSolution
		HideSolutionNode = FALSE
	EndGlobalSection
	GlobalSection(ExtensibilityGlobals) = postSolution
		SolutionGuid = {903C4F77-D62D-4A48-9691-4873A97CA02C}
	EndGlobalSection
EndGlobal
