
Microsoft Visual Studio Solution File, Format Version 12.00
# Visual Studio Version 16
VisualStudioVersion = 16.0.28922.388
MinimumVisualStudioVersion = 10.0.40219.1
Project("{9A19103F-16F7-4668-BE54-9A1E7A4F7556}") = "TTF-Web-Explorer", "TTF-Web-Explorer.csproj", "{8DA7694A-88A7-4579-930E-3C8DEF778BC3}"
EndProject
Global
	GlobalSection(SolutionConfigurationPlatforms) = preSolution
		Debug|Any CPU = Debug|Any CPU
		Release|Any CPU = Release|Any CPU
	EndGlobalSection
	GlobalSection(ProjectConfigurationPlatforms) = postSolution
		{8DA7694A-88A7-4579-930E-3C8DEF778BC3}.Debug|Any CPU.ActiveCfg = Debug|Any CPU
		{8DA7694A-88A7-4579-930E-3C8DEF778BC3}.Debug|Any CPU.Build.0 = Debug|Any CPU
		{8DA7694A-88A7-4579-930E-3C8DEF778BC3}.Release|Any CPU.ActiveCfg = Release|Any CPU
		{8DA7694A-88A7-4579-930E-3C8DEF778BC3}.Release|Any CPU.Build.0 = Release|Any CPU
	EndGlobalSection
	GlobalSection(SolutionProperties) = preSolution
		HideSolutionNode = FALSE
	EndGlobalSection
	GlobalSection(ExtensibilityGlobals) = postSolution
		SolutionGuid = {609FFFE2-4D24-4EC9-BBDB-809B63D6CA4E}
	EndGlobalSection
EndGlobal
