
Microsoft Visual Studio Solution File, Format Version 12.00
# Visual Studio 15
Project("{FAE04EC0-301F-11D3-BF4B-00C04F79EFBC}") = "TTI.TTF.UISandbox", "UI-Sandbox\TTI.TTF.UISandbox.csproj", "{BF937436-2054-476F-A568-AAB02FF13D6C}"
EndProject
Global
	GlobalSection(SolutionConfigurationPlatforms) = preSolution
		Debug|Any CPU = Debug|Any CPU
		Release|Any CPU = Release|Any CPU
	EndGlobalSection
	GlobalSection(ProjectConfigurationPlatforms) = postSolution
		{BF937436-2054-476F-A568-AAB02FF13D6C}.Debug|Any CPU.ActiveCfg = Debug|Any CPU
		{BF937436-2054-476F-A568-AAB02FF13D6C}.Debug|Any CPU.Build.0 = Debug|Any CPU
		{BF937436-2054-476F-A568-AAB02FF13D6C}.Release|Any CPU.ActiveCfg = Release|Any CPU
		{BF937436-2054-476F-A568-AAB02FF13D6C}.Release|Any CPU.Build.0 = Release|Any CPU
	EndGlobalSection
EndGlobal
